
Microsoft Visual Studio Solution File, Format Version 12.00
# Visual Studio Version 17
VisualStudioVersion = 17.7.34024.191
MinimumVisualStudioVersion = 10.0.40219.1
Project("{2150E333-8FDC-42A3-9474-1A3956D46DE8}") = "TaskReview", "TaskReview", "{EB060D41-759A-4FFB-887E-48F6F1180B52}"
EndProject
Project("{FAE04EC0-301F-11D3-BF4B-00C04F79EFBC}") = "Tyuiu.NasyrovaVR.Sprint4.TaskReview.V30", "Tyuiu.NasyrovaVR.Sprint4.TaskReview.V30\Tyuiu.NasyrovaVR.Sprint4.TaskReview.V30.csproj", "{32F53189-52ED-4FAA-85AE-4B50A273BAD0}"
EndProject
Project("{FAE04EC0-301F-11D3-BF4B-00C04F79EFBC}") = "Tyuiu.NasyrovaVR.Sprint4.TaskReview.V30.Lib", "Tyuiu.NasyrovaVR.Sprint4.TaskReview.V30.Lib\Tyuiu.NasyrovaVR.Sprint4.TaskReview.V30.Lib.csproj", "{EB254644-951E-4AE8-BAC0-C5AC399F6292}"
EndProject
Project("{FAE04EC0-301F-11D3-BF4B-00C04F79EFBC}") = "Tyuiu.NasyrovaVR.Sprint4.TaskReview.V30.Test", "Tyuiu.NasyrovaVR.Sprint4.TaskReview.V30.Test\Tyuiu.NasyrovaVR.Sprint4.TaskReview.V30.Test.csproj", "{C20297A4-14D3-4E71-807E-AE370EC1CFE5}"
EndProject
Global
	GlobalSection(SolutionConfigurationPlatforms) = preSolution
		Debug|Any CPU = Debug|Any CPU
		Release|Any CPU = Release|Any CPU
	EndGlobalSection
	GlobalSection(ProjectConfigurationPlatforms) = postSolution
		{32F53189-52ED-4FAA-85AE-4B50A273BAD0}.Debug|Any CPU.ActiveCfg = Debug|Any CPU
		{32F53189-52ED-4FAA-85AE-4B50A273BAD0}.Debug|Any CPU.Build.0 = Debug|Any CPU
		{32F53189-52ED-4FAA-85AE-4B50A273BAD0}.Release|Any CPU.ActiveCfg = Release|Any CPU
		{32F53189-52ED-4FAA-85AE-4B50A273BAD0}.Release|Any CPU.Build.0 = Release|Any CPU
		{EB254644-951E-4AE8-BAC0-C5AC399F6292}.Debug|Any CPU.ActiveCfg = Debug|Any CPU
		{EB254644-951E-4AE8-BAC0-C5AC399F6292}.Debug|Any CPU.Build.0 = Debug|Any CPU
		{EB254644-951E-4AE8-BAC0-C5AC399F6292}.Release|Any CPU.ActiveCfg = Release|Any CPU
		{EB254644-951E-4AE8-BAC0-C5AC399F6292}.Release|Any CPU.Build.0 = Release|Any CPU
		{C20297A4-14D3-4E71-807E-AE370EC1CFE5}.Debug|Any CPU.ActiveCfg = Debug|Any CPU
		{C20297A4-14D3-4E71-807E-AE370EC1CFE5}.Debug|Any CPU.Build.0 = Debug|Any CPU
		{C20297A4-14D3-4E71-807E-AE370EC1CFE5}.Release|Any CPU.ActiveCfg = Release|Any CPU
		{C20297A4-14D3-4E71-807E-AE370EC1CFE5}.Release|Any CPU.Build.0 = Release|Any CPU
	EndGlobalSection
	GlobalSection(SolutionProperties) = preSolution
		HideSolutionNode = FALSE
	EndGlobalSection
	GlobalSection(NestedProjects) = preSolution
		{32F53189-52ED-4FAA-85AE-4B50A273BAD0} = {EB060D41-759A-4FFB-887E-48F6F1180B52}
		{EB254644-951E-4AE8-BAC0-C5AC399F6292} = {EB060D41-759A-4FFB-887E-48F6F1180B52}
		{C20297A4-14D3-4E71-807E-AE370EC1CFE5} = {EB060D41-759A-4FFB-887E-48F6F1180B52}
	EndGlobalSection
	GlobalSection(ExtensibilityGlobals) = postSolution
		SolutionGuid = {D4C3D248-FEAB-4902-9ADE-A8285E9A9807}
	EndGlobalSection
EndGlobal
